
Microsoft Visual Studio Solution File, Format Version 12.00
# Visual Studio 15
VisualStudioVersion = 15.0.28307.1340
MinimumVisualStudioVersion = 10.0.40219.1
Project("{8BC9CEB8-8B4A-11D0-8D11-00A0C91BC942}") = "DemoApplication", "DemoApplication.vcxproj", "{CB51C108-C59A-4CC0-87C7-2043C86BD926}"
EndProject
Global
	GlobalSection(SolutionConfigurationPlatforms) = preSolution
		Debug|x64 = Debug|x64
		Release|x64 = Release|x64
	EndGlobalSection
	GlobalSection(ProjectConfigurationPlatforms) = postSolution
		{CB51C108-C59A-4CC0-87C7-2043C86BD926}.Debug|x64.ActiveCfg = Debug|x64
		{CB51C108-C59A-4CC0-87C7-2043C86BD926}.Debug|x64.Build.0 = Debug|x64
		{CB51C108-C59A-4CC0-87C7-2043C86BD926}.Release|x64.ActiveCfg = Release|x64
		{CB51C108-C59A-4CC0-87C7-2043C86BD926}.Release|x64.Build.0 = Release|x64
	EndGlobalSection
	GlobalSection(SolutionProperties) = preSolution
		HideSolutionNode = FALSE
	EndGlobalSection
	GlobalSection(ExtensibilityGlobals) = postSolution
		SolutionGuid = {867B0A3C-F380-4E1E-A5C7-7C3DEB28C380}
	EndGlobalSection
EndGlobal
