<?xml version="1.0" encoding="utf-8"?>
<Project ToolsVersion="4.0" xmlns="http://schemas.microsoft.com/developer/msbuild/2003">
  <ItemGroup>
    <Filter Include="Source Files">
      <UniqueIdentifier>{4FC737F1-C7A5-4376-A066-2A32D752A2FF}</UniqueIdentifier>
      <Extensions>cpp;c;cc;cxx;def;odl;idl;hpj;bat;asm;asmx</Extensions>
    </Filter>
    <Filter Include="Header Files">
      <UniqueIdentifier>{93995380-89BD-4b04-88EB-625FBE52EBFB}</UniqueIdentifier>
      <Extensions>h;hh;hpp;hxx;hm;inl;inc;xsd</Extensions>
    </Filter>
    <Filter Include="Resource Files">
      <UniqueIdentifier>{67DA6AB6-F800-4c08-8B7A-83BB121AAD01}</UniqueIdentifier>
      <Extensions>qrc;rc;ico;cur;bmp;dlg;rc2;rct;bin;rgs;gif;jpg;jpeg;jpe;resx;tiff;tif;png;wav;mfcribbon-ms</Extensions>
    </Filter>
    <Filter Include="Form Files">
      <UniqueIdentifier>{99349809-55BA-4b9d-BF79-8FDBB0286EB3}</UniqueIdentifier>
      <Extensions>ui</Extensions>
    </Filter>
    <Filter Include="Translation Files">
      <UniqueIdentifier>{639EADAA-A684-42e4-A9AD-28FC9BCB8F7C}</UniqueIdentifier>
      <Extensions>ts</Extensions>
    </Filter>
  </ItemGroup>
  <ItemGroup>
    <QtRcc Include="DemoApplication.qrc">
      <Filter>Resource Files</Filter>
    </QtRcc>
    <QtUic Include="DemoApplication.ui">
      <Filter>Form Files</Filter>
    </QtUic>
    <QtMoc Include="DemoApplication.h">
      <Filter>Header Files</Filter>
    </QtMoc>
    <ClCompile Include="DemoApplication.cpp">
      <Filter>Source Files</Filter>
    </ClCompile>
  </ItemGroup>
  <ItemGroup>
    <ClCompile Include="main.cpp">
      <Filter>Source Files</Filter>
    </ClCompile>
    <ClCompile Include="DealImage.cpp">
      <Filter>Source Files</Filter>
    </ClCompile>
    <ClCompile Include="DealGeo.cpp">
      <Filter>Source Files</Filter>
    </ClCompile>
    <ClCompile Include="DealOther.cpp">
      <Filter>Source Files</Filter>
    </ClCompile>
    <ClCompile Include="DealVideo.cpp">
      <Filter>Source Files</Filter>
    </ClCompile>
    <ClCompile Include="qmydisplaydevice.cpp">
      <Filter>Source Files</Filter>
    </ClCompile>
    <ClCompile Include="DealAudio.cpp">
      <Filter>Source Files</Filter>
    </ClCompile>
    <ClCompile Include="Audio.cpp">
      <Filter>Source Files</Filter>
    </ClCompile>
    <ClCompile Include="FrameQueue.cpp">
      <Filter>Source Files</Filter>
    </ClCompile>
    <ClCompile Include="Media.cpp">
      <Filter>Source Files</Filter>
    </ClCompile>
    <ClCompile Include="PacketQueue.cpp">
      <Filter>Source Files</Filter>
    </ClCompile>
    <ClCompile Include="Video.cpp">
      <Filter>Source Files</Filter>
    </ClCompile>
    <ClCompile Include="VideoDisplay.cpp">
      <Filter>Source Files</Filter>
    </ClCompile>
    <ClCompile Include="DealConnect.cpp">
      <Filter>Source Files</Filter>
    </ClCompile>
    <ClCompile Include="FFmpegUse.cpp">
      <Filter>Source Files</Filter>
    </ClCompile>
    <ClCompile Include="ImageProcessAlgorithom.cpp">
      <Filter>Source Files</Filter>
    </ClCompile>
  </ItemGroup>
  <ItemGroup>
    <QtUic Include="dealImage.ui">
      <Filter>Form Files</Filter>
    </QtUic>
    <QtUic Include="dealAudio.ui">
      <Filter>Form Files</Filter>
    </QtUic>
    <QtUic Include="dealGeo.ui">
      <Filter>Form Files</Filter>
    </QtUic>
    <QtUic Include="dealOther.ui">
      <Filter>Form Files</Filter>
    </QtUic>
    <QtUic Include="dealVideo.ui">
      <Filter>Form Files</Filter>
    </QtUic>
    <QtUic Include="dealConnect.ui">
      <Filter>Form Files</Filter>
    </QtUic>
  </ItemGroup>
  <ItemGroup>
    <QtMoc Include="DealGeo.h">
      <Filter>Header Files</Filter>
    </QtMoc>
    <QtMoc Include="DealImage.h">
      <Filter>Header Files</Filter>
    </QtMoc>
    <QtMoc Include="DealOther.h">
      <Filter>Header Files</Filter>
    </QtMoc>
    <QtMoc Include="DealVideo.h">
      <Filter>Header Files</Filter>
    </QtMoc>
    <QtMoc Include="qmydisplaydevice.h">
      <Filter>Header Files</Filter>
    </QtMoc>
    <QtMoc Include="DealAudio.h">
      <Filter>Header Files</Filter>
    </QtMoc>
    <QtMoc Include="DealConnect.h">
      <Filter>Header Files</Filter>
    </QtMoc>
    <QtMoc Include="FFmpegUse.h">
      <Filter>Header Files</Filter>
    </QtMoc>
  </ItemGroup>
  <ItemGroup>
    <ClInclude Include="Audio.h">
      <Filter>Header Files</Filter>
    </ClInclude>
    <ClInclude Include="FrameQueue.h">
      <Filter>Header Files</Filter>
    </ClInclude>
    <ClInclude Include="PacketQueue.h">
      <Filter>Header Files</Filter>
    </ClInclude>
    <ClInclude Include="Video.h">
      <Filter>Header Files</Filter>
    </ClInclude>
    <ClInclude Include="VideoDisplay.h">
      <Filter>Header Files</Filter>
    </ClInclude>
    <ClInclude Include="ImageProcessAlgorithom.h">
      <Filter>Header Files</Filter>
    </ClInclude>
  </ItemGroup>
</Project>